// !$*UTF8*$!
{
	archiveVersion = 1;
	classes = {
	};
	objectVersion = 46;
	objects = {

/* Begin PBXBuildFile section */
		8AB4A2141C4919450020A600 /* AppDelegate.swift in Sources */ = {isa = PBXBuildFile; fileRef = 8AB4A2131C4919450020A600 /* AppDelegate.swift */; };
		8AB4A2161C4919450020A600 /* ViewController.swift in Sources */ = {isa = PBXBuildFile; fileRef = 8AB4A2151C4919450020A600 /* ViewController.swift */; };
		8AB4A2191C4919450020A600 /* Main.storyboard in Resources */ = {isa = PBXBuildFile; fileRef = 8AB4A2171C4919450020A600 /* Main.storyboard */; };
		8AB4A21B1C4919450020A600 /* Assets.xcassets in Resources */ = {isa = PBXBuildFile; fileRef = 8AB4A21A1C4919450020A600 /* Assets.xcassets */; };
		8AB4A21E1C4919450020A600 /* LaunchScreen.storyboard in Resources */ = {isa = PBXBuildFile; fileRef = 8AB4A21C1C4919450020A600 /* LaunchScreen.storyboard */; };
		8AB4A2291C4919450020A600 /* VideoHelpScreenDemoUITests.swift in Sources */ = {isa = PBXBuildFile; fileRef = 8AB4A2281C4919450020A600 /* VideoHelpScreenDemoUITests.swift */; };
		8AB4A2341C491A4C0020A600 /* CoreGraphics.framework in Frameworks */ = {isa = PBXBuildFile; fileRef = 8AB4A2331C491A4C0020A600 /* CoreGraphics.framework */; };
		8AB4A2371C491C640020A600 /* Logo.png in Resources */ = {isa = PBXBuildFile; fileRef = 8AB4A2361C491C640020A600 /* Logo.png */; };
		8AB4A2381C491CDF0020A600 /* video.mp4 in Resources */ = {isa = PBXBuildFile; fileRef = 8AB4A2351C491B7E0020A600 /* video.mp4 */; };
/* End PBXBuildFile section */

/* Begin PBXContainerItemProxy section */
		8AB4A2251C4919450020A600 /* PBXContainerItemProxy */ = {
			isa = PBXContainerItemProxy;
			containerPortal = 8AB4A2081C4919440020A600 /* Project object */;
			proxyType = 1;
			remoteGlobalIDString = 8AB4A20F1C4919440020A600;
			remoteInfo = VideoHelpScreenDemo;
		};
/* End PBXContainerItemProxy section */

/* Begin PBXFileReference section */
		8AB4A2101C4919440020A600 /* VideoHelpScreenDemo.app */ = {isa = PBXFileReference; explicitFileType = wrapper.application; includeInIndex = 0; path = VideoHelpScreenDemo.app; sourceTree = BUILT_PRODUCTS_DIR; };
		8AB4A2131C4919450020A600 /* AppDelegate.swift */ = {isa = PBXFileReference; lastKnownFileType = sourcecode.swift; path = AppDelegate.swift; sourceTree = "<group>"; };
		8AB4A2151C4919450020A600 /* ViewController.swift */ = {isa = PBXFileReference; lastKnownFileType = sourcecode.swift; path = ViewController.swift; sourceTree = "<group>"; };
		8AB4A2181C4919450020A600 /* Base */ = {isa = PBXFileReference; lastKnownFileType = file.storyboard; name = Base; path = Base.lproj/Main.storyboard; sourceTree = "<group>"; };
		8AB4A21A1C4919450020A600 /* Assets.xcassets */ = {isa = PBXFileReference; lastKnownFileType = folder.assetcatalog; path = Assets.xcassets; sourceTree = "<group>"; };
		8AB4A21D1C4919450020A600 /* Base */ = {isa = PBXFileReference; lastKnownFileType = file.storyboard; name = Base; path = Base.lproj/LaunchScreen.storyboard; sourceTree = "<group>"; };
		8AB4A21F1C4919450020A600 /* Info.plist */ = {isa = PBXFileReference; lastKnownFileType = text.plist.xml; path = Info.plist; sourceTree = "<group>"; };
		8AB4A2241C4919450020A600 /* VideoHelpScreenDemoUITests.xctest */ = {isa = PBXFileReference; explicitFileType = wrapper.cfbundle; includeInIndex = 0; path = VideoHelpScreenDemoUITests.xctest; sourceTree = BUILT_PRODUCTS_DIR; };
		8AB4A2281C4919450020A600 /* VideoHelpScreenDemoUITests.swift */ = {isa = PBXFileReference; lastKnownFileType = sourcecode.swift; path = VideoHelpScreenDemoUITests.swift; sourceTree = "<group>"; };
		8AB4A22A1C4919450020A600 /* Info.plist */ = {isa = PBXFileReference; lastKnownFileType = text.plist.xml; path = Info.plist; sourceTree = "<group>"; };
		8AB4A2331C491A4C0020A600 /* CoreGraphics.framework */ = {isa = PBXFileReference; lastKnownFileType = wrapper.framework; name = CoreGraphics.framework; path = System/Library/Frameworks/CoreGraphics.framework; sourceTree = SDKROOT; };
		8AB4A2351C491B7E0020A600 /* video.mp4 */ = {isa = PBXFileReference; lastKnownFileType = file; path = video.mp4; sourceTree = "<group>"; };
		8AB4A2361C491C640020A600 /* Logo.png */ = {isa = PBXFileReference; lastKnownFileType = image.png; path = Logo.png; sourceTree = "<group>"; };
/* End PBXFileReference section */

/* Begin PBXFrameworksBuildPhase section */
		8AB4A20D1C4919440020A600 /* Frameworks */ = {
			isa = PBXFrameworksBuildPhase;
			buildActionMask = 2147483647;
			files = (
				8AB4A2341C491A4C0020A600 /* CoreGraphics.framework in Frameworks */,
			);
			runOnlyForDeploymentPostprocessing = 0;
		};
		8AB4A2211C4919450020A600 /* Frameworks */ = {
			isa = PBXFrameworksBuildPhase;
			buildActionMask = 2147483647;
			files = (
			);
			runOnlyForDeploymentPostprocessing = 0;
		};
/* End PBXFrameworksBuildPhase section */

/* Begin PBXGroup section */
		8AB4A2071C4919440020A600 = {
			isa = PBXGroup;
			children = (
				8AB4A2331C491A4C0020A600 /* CoreGraphics.framework */,
				8AB4A2121C4919440020A600 /* VideoHelpScreenDemo */,
				8AB4A2271C4919450020A600 /* VideoHelpScreenDemoUITests */,
				8AB4A2111C4919440020A600 /* Products */,
			);
			sourceTree = "<group>";
		};
		8AB4A2111C4919440020A600 /* Products */ = {
			isa = PBXGroup;
			children = (
				8AB4A2101C4919440020A600 /* VideoHelpScreenDemo.app */,
				8AB4A2241C4919450020A600 /* VideoHelpScreenDemoUITests.xctest */,
			);
			name = Products;
			sourceTree = "<group>";
		};
		8AB4A2121C4919440020A600 /* VideoHelpScreenDemo */ = {
			isa = PBXGroup;
			children = (
				8AB4A2351C491B7E0020A600 /* video.mp4 */,
				8AB4A2361C491C640020A600 /* Logo.png */,
				8AB4A2131C4919450020A600 /* AppDelegate.swift */,
				8AB4A2151C4919450020A600 /* ViewController.swift */,
				8AB4A2171C4919450020A600 /* Main.storyboard */,
				8AB4A21A1C4919450020A600 /* Assets.xcassets */,
				8AB4A21C1C4919450020A600 /* LaunchScreen.storyboard */,
				8AB4A21F1C4919450020A600 /* Info.plist */,
			);
			path = VideoHelpScreenDemo;
			sourceTree = "<group>";
		};
		8AB4A2271C4919450020A600 /* VideoHelpScreenDemoUITests */ = {
			isa = PBXGroup;
			children = (
				8AB4A2281C4919450020A600 /* VideoHelpScreenDemoUITests.swift */,
				8AB4A22A1C4919450020A600 /* Info.plist */,
			);
			path = VideoHelpScreenDemoUITests;
			sourceTree = "<group>";
		};
/* End PBXGroup section */

/* Begin PBXNativeTarget section */
		8AB4A20F1C4919440020A600 /* VideoHelpScreenDemo */ = {
			isa = PBXNativeTarget;
			buildConfigurationList = 8AB4A22D1C4919450020A600 /* Build configuration list for PBXNativeTarget "VideoHelpScreenDemo" */;
			buildPhases = (
				8AB4A20C1C4919440020A600 /* Sources */,
				8AB4A20D1C4919440020A600 /* Frameworks */,
				8AB4A20E1C4919440020A600 /* Resources */,
			);
			buildRules = (
			);
			dependencies = (
			);
			name = VideoHelpScreenDemo;
			productName = VideoHelpScreenDemo;
			productReference = 8AB4A2101C4919440020A600 /* VideoHelpScreenDemo.app */;
			productType = "com.apple.product-type.application";
		};
		8AB4A2231C4919450020A600 /* VideoHelpScreenDemoUITests */ = {
			isa = PBXNativeTarget;
			buildConfigurationList = 8AB4A2301C4919450020A600 /* Build configuration list for PBXNativeTarget "VideoHelpScreenDemoUITests" */;
			buildPhases = (
				8AB4A2201C4919450020A600 /* Sources */,
				8AB4A2211C4919450020A600 /* Frameworks */,
				8AB4A2221C4919450020A600 /* Resources */,
			);
			buildRules = (
			);
			dependencies = (
				8AB4A2261C4919450020A600 /* PBXTargetDependency */,
			);
			name = VideoHelpScreenDemoUITests;
			productName = VideoHelpScreenDemoUITests;
			productReference = 8AB4A2241C4919450020A600 /* VideoHelpScreenDemoUITests.xctest */;
			productType = "com.apple.product-type.bundle.ui-testing";
		};
/* End PBXNativeTarget section */

/* Begin PBXProject section */
		8AB4A2081C4919440020A600 /* Project object */ = {
			isa = PBXProject;
			attributes = {
				LastSwiftUpdateCheck = 0720;
				LastUpgradeCheck = 0720;
				ORGANIZATIONNAME = Inwizards;
				TargetAttributes = {
					8AB4A20F1C4919440020A600 = {
						CreatedOnToolsVersion = 7.2;
					};
					8AB4A2231C4919450020A600 = {
						CreatedOnToolsVersion = 7.2;
						TestTargetID = 8AB4A20F1C4919440020A600;
					};
				};
			};
			buildConfigurationList = 8AB4A20B1C4919440020A600 /* Build configuration list for PBXProject "VideoHelpScreenDemo" */;
			compatibilityVersion = "Xcode 3.2";
			developmentRegion = English;
			hasScannedForEncodings = 0;
			knownRegions = (
				en,
				Base,
			);
			mainGroup = 8AB4A2071C4919440020A600;
			productRefGroup = 8AB4A2111C4919440020A600 /* Products */;
			projectDirPath = "";
			projectRoot = "";
			targets = (
				8AB4A20F1C4919440020A600 /* VideoHelpScreenDemo */,
				8AB4A2231C4919450020A600 /* VideoHelpScreenDemoUITests */,
			);
		};
/* End PBXProject section */

/* Begin PBXResourcesBuildPhase section */
		8AB4A20E1C4919440020A600 /* Resources */ = {
			isa = PBXResourcesBuildPhase;
			buildActionMask = 2147483647;
			files = (
				8AB4A2381C491CDF0020A600 /* video.mp4 in Resources */,
				8AB4A21E1C4919450020A600 /* LaunchScreen.storyboard in Resources */,
				8AB4A21B1C4919450020A600 /* Assets.xcassets in Resources */,
				8AB4A2191C4919450020A600 /* Main.storyboard in Resources */,
				8AB4A2371C491C640020A600 /* Logo.png in Resources */,
			);
			runOnlyForDeploymentPostprocessing = 0;
		};
		8AB4A2221C4919450020A600 /* Resources */ = {
			isa = PBXResourcesBuildPhase;
			buildActionMask = 2147483647;
			files = (
			);
			runOnlyForDeploymentPostprocessing = 0;
		};
/* End PBXResourcesBuildPhase section */

/* Begin PBXSourcesBuildPhase section */
		8AB4A20C1C4919440020A600 /* Sources */ = {
			isa = PBXSourcesBuildPhase;
			buildActionMask = 2147483647;
			files = (
				8AB4A2161C4919450020A600 /* ViewController.swift in Sources */,
				8AB4A2141C4919450020A600 /* AppDelegate.swift in Sources */,
			);
			runOnlyForDeploymentPostprocessing = 0;
		};
		8AB4A2201C4919450020A600 /* Sources */ = {
			isa = PBXSourcesBuildPhase;
			buildActionMask = 2147483647;
			files = (
				8AB4A2291C4919450020A600 /* VideoHelpScreenDemoUITests.swift in Sources */,
			);
			runOnlyForDeploymentPostprocessing = 0;
		};
/* End PBXSourcesBuildPhase section */

/* Begin PBXTargetDependency section */
		8AB4A2261C4919450020A600 /* PBXTargetDependency */ = {
			isa = PBXTargetDependency;
			target = 8AB4A20F1C4919440020A600 /* VideoHelpScreenDemo */;
			targetProxy = 8AB4A2251C4919450020A600 /* PBXContainerItemProxy */;
		};
/* End PBXTargetDependency section */

/* Begin PBXVariantGroup section */
		8AB4A2171C4919450020A600 /* Main.storyboard */ = {
			isa = PBXVariantGroup;
			children = (
				8AB4A2181C4919450020A600 /* Base */,
			);
			name = Main.storyboard;
			sourceTree = "<group>";
		};
		8AB4A21C1C4919450020A600 /* LaunchScreen.storyboard */ = {
			isa = PBXVariantGroup;
			children = (
				8AB4A21D1C4919450020A600 /* Base */,
			);
			name = LaunchScreen.storyboard;
			sourceTree = "<group>";
		};
/* End PBXVariantGroup section */

/* Begin XCBuildConfiguration section */
		8AB4A22B1C4919450020A600 /* Debug */ = {
			isa = XCBuildConfiguration;
			buildSettings = {
				ALWAYS_SEARCH_USER_PATHS = NO;
				CLANG_CXX_LANGUAGE_STANDARD = "gnu++0x";
				CLANG_CXX_LIBRARY = "libc++";
				CLANG_ENABLE_MODULES = YES;
				CLANG_ENABLE_OBJC_ARC = YES;
				CLANG_WARN_BOOL_CONVERSION = YES;
				CLANG_WARN_CONSTANT_CONVERSION = YES;
				CLANG_WARN_DIRECT_OBJC_ISA_USAGE = YES_ERROR;
				CLANG_WARN_EMPTY_BODY = YES;
				CLANG_WARN_ENUM_CONVERSION = YES;
				CLANG_WARN_INT_CONVERSION = YES;
				CLANG_WARN_OBJC_ROOT_CLASS = YES_ERROR;
				CLANG_WARN_UNREACHABLE_CODE = YES;
				CLANG_WARN__DUPLICATE_METHOD_MATCH = YES;
				"CODE_SIGN_IDENTITY[sdk=iphoneos*]" = "iPhone Developer";
				COPY_PHASE_STRIP = NO;
				DEBUG_INFORMATION_FORMAT = dwarf;
				ENABLE_STRICT_OBJC_MSGSEND = YES;
				ENABLE_TESTABILITY = YES;
				GCC_C_LANGUAGE_STANDARD = gnu99;
				GCC_DYNAMIC_NO_PIC = NO;
				GCC_NO_COMMON_BLOCKS = YES;
				GCC_OPTIMIZATION_LEVEL = 0;
				GCC_PREPROCESSOR_DEFINITIONS = (
					"DEBUG=1",
					"$(inherited)",
				);
				GCC_WARN_64_TO_32_BIT_CONVERSION = YES;
				GCC_WARN_ABOUT_RETURN_TYPE = YES_ERROR;
				GCC_WARN_UNDECLARED_SELECTOR = YES;
				GCC_WARN_UNINITIALIZED_AUTOS = YES_AGGRESSIVE;
				GCC_WARN_UNUSED_FUNCTION = YES;
				GCC_WARN_UNUSED_VARIABLE = YES;
				IPHONEOS_DEPLOYMENT_TARGET = 9.2;
				MTL_ENABLE_DEBUG_INFO = YES;
				ONLY_ACTIVE_ARCH = YES;
				SDKROOT = iphoneos;
				SWIFT_OPTIMIZATION_LEVEL = "-Onone";
			};
			name = Debug;
		};
		8AB4A22C1C4919450020A600 /* Release */ = {
			isa = XCBuildConfiguration;
			buildSettings = {
				ALWAYS_SEARCH_USER_PATHS = NO;
				CLANG_CXX_LANGUAGE_STANDARD = "gnu++0x";
				CLANG_CXX_LIBRARY = "libc++";
				CLANG_ENABLE_MODULES = YES;
				CLANG_ENABLE_OBJC_ARC = YES;
				CLANG_WARN_BOOL_CONVERSION = YES;
				CLANG_WARN_CONSTANT_CONVERSION = YES;
				CLANG_WARN_DIRECT_OBJC_ISA_USAGE = YES_ERROR;
				CLANG_WARN_EMPTY_BODY = YES;
				CLANG_WARN_ENUM_CONVERSION = YES;
				CLANG_WARN_INT_CONVERSION = YES;
				CLANG_WARN_OBJC_ROOT_CLASS = YES_ERROR;
				CLANG_WARN_UNREACHABLE_CODE = YES;
				CLANG_WARN__DUPLICATE_METHOD_MATCH = YES;
				"CODE_SIGN_IDENTITY[sdk=iphoneos*]" = "iPhone Developer";
				COPY_PHASE_STRIP = NO;
				DEBUG_INFORMATION_FORMAT = "dwarf-with-dsym";
				ENABLE_NS_ASSERTIONS = NO;
				ENABLE_STRICT_OBJC_MSGSEND = YES;
				GCC_C_LANGUAGE_STANDARD = gnu99;
				GCC_NO_COMMON_BLOCKS = YES;
				GCC_WARN_64_TO_32_BIT_CONVERSION = YES;
				GCC_WARN_ABOUT_RETURN_TYPE = YES_ERROR;
				GCC_WARN_UNDECLARED_SELECTOR = YES;
				GCC_WARN_UNINITIALIZED_AUTOS = YES_AGGRESSIVE;
				GCC_WARN_UNUSED_FUNCTION = YES;
				GCC_WARN_UNUSED_VARIABLE = YES;
				IPHONEOS_DEPLOYMENT_TARGET = 9.2;
				MTL_ENABLE_DEBUG_INFO = NO;
				SDKROOT = iphoneos;
				VALIDATE_PRODUCT = YES;
			};
			name = Release;
		};
		8AB4A22E1C4919450020A600 /* Debug */ = {
			isa = XCBuildConfiguration;
			buildSettings = {
				ASSETCATALOG_COMPILER_APPICON_NAME = AppIcon;
				INFOPLIST_FILE = VideoHelpScreenDemo/Info.plist;
				IPHONEOS_DEPLOYMENT_TARGET = 8.0;
				LD_RUNPATH_SEARCH_PATHS = "$(inherited) @executable_path/Frameworks";
				PRODUCT_BUNDLE_IDENTIFIER = com.inw.VideoHelpScreenDemo;
				PRODUCT_NAME = "$(TARGET_NAME)";
			};
			name = Debug;
		};
		8AB4A22F1C4919450020A600 /* Release */ = {
			isa = XCBuildConfiguration;
			buildSettings = {
				ASSETCATALOG_COMPILER_APPICON_NAME = AppIcon;
				INFOPLIST_FILE = VideoHelpScreenDemo/Info.plist;
				IPHONEOS_DEPLOYMENT_TARGET = 8.0;
				LD_RUNPATH_SEARCH_PATHS = "$(inherited) @executable_path/Frameworks";
				PRODUCT_BUNDLE_IDENTIFIER = com.inw.VideoHelpScreenDemo;
				PRODUCT_NAME = "$(TARGET_NAME)";
			};
			name = Release;
		};
		8AB4A2311C4919450020A600 /* Debug */ = {
			isa = XCBuildConfiguration;
			buildSettings = {
				INFOPLIST_FILE = VideoHelpScreenDemoUITests/Info.plist;
				LD_RUNPATH_SEARCH_PATHS = "$(inherited) @executable_path/Frameworks @loader_path/Frameworks";
				PRODUCT_BUNDLE_IDENTIFIER = com.inw.VideoHelpScreenDemoUITests;
				PRODUCT_NAME = "$(TARGET_NAME)";
				TEST_TARGET_NAME = VideoHelpScreenDemo;
				USES_XCTRUNNER = YES;
			};
			name = Debug;
		};
		8AB4A2321C4919450020A600 /* Release */ = {
			isa = XCBuildConfiguration;
			buildSettings = {
				INFOPLIST_FILE = VideoHelpScreenDemoUITests/Info.plist;
				LD_RUNPATH_SEARCH_PATHS = "$(inherited) @executable_path/Frameworks @loader_path/Frameworks";
				PRODUCT_BUNDLE_IDENTIFIER = com.inw.VideoHelpScreenDemoUITests;
				PRODUCT_NAME = "$(TARGET_NAME)";
				TEST_TARGET_NAME = VideoHelpScreenDemo;
				USES_XCTRUNNER = YES;
			};
			name = Release;
		};
/* End XCBuildConfiguration section */

/* Begin XCConfigurationList section */
		8AB4A20B1C4919440020A600 /* Build configuration list for PBXProject "VideoHelpScreenDemo" */ = {
			isa = XCConfigurationList;
			buildConfigurations = (
				8AB4A22B1C4919450020A600 /* Debug */,
				8AB4A22C1C4919450020A600 /* Release */,
			);
			defaultConfigurationIsVisible = 0;
			defaultConfigurationName = Release;
		};
		8AB4A22D1C4919450020A600 /* Build configuration list for PBXNativeTarget "VideoHelpScreenDemo" */ = {
			isa = XCConfigurationList;
			buildConfigurations = (
				8AB4A22E1C4919450020A600 /* Debug */,
				8AB4A22F1C4919450020A600 /* Release */,
			);
			defaultConfigurationIsVisible = 0;
		};
		8AB4A2301C4919450020A600 /* Build configuration list for PBXNativeTarget "VideoHelpScreenDemoUITests" */ = {
			isa = XCConfigurationList;
			buildConfigurations = (
				8AB4A2311C4919450020A600 /* Debug */,
				8AB4A2321C4919450020A600 /* Release */,
			);
			defaultConfigurationIsVisible = 0;
		};
/* End XCConfigurationList section */
	};
	rootObject = 8AB4A2081C4919440020A600 /* Project object */;
}
